
Microsoft Visual Studio Solution File, Format Version 12.00
# Visual Studio Version 17
VisualStudioVersion = 17.6.33723.286
MinimumVisualStudioVersion = 10.0.40219.1
Project("{9A19103F-16F7-4668-BE54-9A1E7A4F7556}") = "Referral", "Referral\Referral.csproj", "{7640FAAA-C106-403A-BA2D-9BD8587B7BAE}"
EndProject
Global
	GlobalSection(SolutionConfigurationPlatforms) = preSolution
		Debug|Any CPU = Debug|Any CPU
		Release|Any CPU = Release|Any CPU
	EndGlobalSection
	GlobalSection(ProjectConfigurationPlatforms) = postSolution
		{7640FAAA-C106-403A-BA2D-9BD8587B7BAE}.Debug|Any CPU.ActiveCfg = Debug|Any CPU
		{7640FAAA-C106-403A-BA2D-9BD8587B7BAE}.Debug|Any CPU.Build.0 = Debug|Any CPU
		{7640FAAA-C106-403A-BA2D-9BD8587B7BAE}.Release|Any CPU.ActiveCfg = Release|Any CPU
		{7640FAAA-C106-403A-BA2D-9BD8587B7BAE}.Release|Any CPU.Build.0 = Release|Any CPU
	EndGlobalSection
	GlobalSection(SolutionProperties) = preSolution
		HideSolutionNode = FALSE
	EndGlobalSection
	GlobalSection(ExtensibilityGlobals) = postSolution
		SolutionGuid = {D4484E00-8C81-4FC3-9E6D-90E140D96E60}
	EndGlobalSection
EndGlobal
